
Microsoft Visual Studio Solution File, Format Version 12.00
# Visual Studio Version 17
VisualStudioVersion = 17.5.2.0
MinimumVisualStudioVersion = 10.0.40219.1
Project("{FAE04EC0-301F-11D3-BF4B-00C04F79EFBC}") = "UserAPI", "UserAPI\UserAPI.csproj", "{7D7B0805-1930-5D23-6E51-7234845C5BE2}"
EndProject
Project("{FAE04EC0-301F-11D3-BF4B-00C04F79EFBC}") = "UserAPI.Tests", "UserAPI.Tests\UserAPI.Tests.csproj", "{C0AF31B2-FCCA-48E4-8DF8-2A23B7AC81FC}"
EndProject
Global
	GlobalSection(SolutionConfigurationPlatforms) = preSolution
		Debug|Any CPU = Debug|Any CPU
		Debug|x64 = Debug|x64
		Debug|x86 = Debug|x86
		Release|Any CPU = Release|Any CPU
		Release|x64 = Release|x64
		Release|x86 = Release|x86
	EndGlobalSection
	GlobalSection(ProjectConfigurationPlatforms) = postSolution
		{7D7B0805-1930-5D23-6E51-7234845C5BE2}.Debug|Any CPU.ActiveCfg = Debug|Any CPU
		{7D7B0805-1930-5D23-6E51-7234845C5BE2}.Debug|Any CPU.Build.0 = Debug|Any CPU
		{7D7B0805-1930-5D23-6E51-7234845C5BE2}.Debug|x64.ActiveCfg = Debug|Any CPU
		{7D7B0805-1930-5D23-6E51-7234845C5BE2}.Debug|x64.Build.0 = Debug|Any CPU
		{7D7B0805-1930-5D23-6E51-7234845C5BE2}.Debug|x86.ActiveCfg = Debug|Any CPU
		{7D7B0805-1930-5D23-6E51-7234845C5BE2}.Debug|x86.Build.0 = Debug|Any CPU
		{7D7B0805-1930-5D23-6E51-7234845C5BE2}.Release|Any CPU.ActiveCfg = Release|Any CPU
		{7D7B0805-1930-5D23-6E51-7234845C5BE2}.Release|Any CPU.Build.0 = Release|Any CPU
		{7D7B0805-1930-5D23-6E51-7234845C5BE2}.Release|x64.ActiveCfg = Release|Any CPU
		{7D7B0805-1930-5D23-6E51-7234845C5BE2}.Release|x64.Build.0 = Release|Any CPU
		{7D7B0805-1930-5D23-6E51-7234845C5BE2}.Release|x86.ActiveCfg = Release|Any CPU
		{7D7B0805-1930-5D23-6E51-7234845C5BE2}.Release|x86.Build.0 = Release|Any CPU
		{C0AF31B2-FCCA-48E4-8DF8-2A23B7AC81FC}.Debug|Any CPU.ActiveCfg = Debug|Any CPU
		{C0AF31B2-FCCA-48E4-8DF8-2A23B7AC81FC}.Debug|Any CPU.Build.0 = Debug|Any CPU
		{C0AF31B2-FCCA-48E4-8DF8-2A23B7AC81FC}.Debug|x64.ActiveCfg = Debug|Any CPU
		{C0AF31B2-FCCA-48E4-8DF8-2A23B7AC81FC}.Debug|x64.Build.0 = Debug|Any CPU
		{C0AF31B2-FCCA-48E4-8DF8-2A23B7AC81FC}.Debug|x86.ActiveCfg = Debug|Any CPU
		{C0AF31B2-FCCA-48E4-8DF8-2A23B7AC81FC}.Debug|x86.Build.0 = Debug|Any CPU
		{C0AF31B2-FCCA-48E4-8DF8-2A23B7AC81FC}.Release|Any CPU.ActiveCfg = Release|Any CPU
		{C0AF31B2-FCCA-48E4-8DF8-2A23B7AC81FC}.Release|Any CPU.Build.0 = Release|Any CPU
		{C0AF31B2-FCCA-48E4-8DF8-2A23B7AC81FC}.Release|x64.ActiveCfg = Release|Any CPU
		{C0AF31B2-FCCA-48E4-8DF8-2A23B7AC81FC}.Release|x64.Build.0 = Release|Any CPU
		{C0AF31B2-FCCA-48E4-8DF8-2A23B7AC81FC}.Release|x86.ActiveCfg = Release|Any CPU
		{C0AF31B2-FCCA-48E4-8DF8-2A23B7AC81FC}.Release|x86.Build.0 = Release|Any CPU
	EndGlobalSection
	GlobalSection(SolutionProperties) = preSolution
		HideSolutionNode = FALSE
	EndGlobalSection
	GlobalSection(ExtensibilityGlobals) = postSolution
		SolutionGuid = {278B9207-5474-40B8-BFEC-9B0088AA685C}
	EndGlobalSection
EndGlobal
